// !$*UTF8*$!
{
	archiveVersion = 1;
	classes = {
	};
	objectVersion = 77;
	objects = {

/* Begin PBXContainerItemProxy section */
		F53426652CA8CD070028F328 /* PBXContainerItemProxy */ = {
			isa = PBXContainerItemProxy;
			containerPortal = F53426462CA8CD050028F328 /* Project object */;
			proxyType = 1;
			remoteGlobalIDString = F534264D2CA8CD050028F328;
			remoteInfo = InstaHram;
		};
		F534266F2CA8CD070028F328 /* PBXContainerItemProxy */ = {
			isa = PBXContainerItemProxy;
			containerPortal = F53426462CA8CD050028F328 /* Project object */;
			proxyType = 1;
			remoteGlobalIDString = F534264D2CA8CD050028F328;
			remoteInfo = InstaHram;
		};
/* End PBXContainerItemProxy section */

/* Begin PBXFileReference section */
		F534264E2CA8CD050028F328 /* InstaHram.app */ = {isa = PBXFileReference; explicitFileType = wrapper.application; includeInIndex = 0; path = InstaHram.app; sourceTree = BUILT_PRODUCTS_DIR; };
		F53426642CA8CD070028F328 /* InstaHramTests.xctest */ = {isa = PBXFileReference; explicitFileType = wrapper.cfbundle; includeInIndex = 0; path = InstaHramTests.xctest; sourceTree = BUILT_PRODUCTS_DIR; };
		F534266E2CA8CD070028F328 /* InstaHramUITests.xctest */ = {isa = PBXFileReference; explicitFileType = wrapper.cfbundle; includeInIndex = 0; path = InstaHramUITests.xctest; sourceTree = BUILT_PRODUCTS_DIR; };
/* End PBXFileReference section */

/* Begin PBXFileSystemSynchronizedBuildFileExceptionSet section */
		F53426762CA8CD070028F328 /* Exceptions for "InstaHram" folder in "InstaHram" target */ = {
			isa = PBXFileSystemSynchronizedBuildFileExceptionSet;
			membershipExceptions = (
				"/Localized: LaunchScreen.storyboard",
				"/Localized: Main.storyboard",
				Info.plist,
			);
			target = F534264D2CA8CD050028F328 /* InstaHram */;
		};
/* End PBXFileSystemSynchronizedBuildFileExceptionSet section */

/* Begin PBXFileSystemSynchronizedGroupBuildPhaseMembershipExceptionSet section */
		F534267A2CA8CD070028F328 /* Exceptions for "InstaHram" folder in "Copy Bundle Resources" phase from "InstaHram" target */ = {
			isa = PBXFileSystemSynchronizedGroupBuildPhaseMembershipExceptionSet;
			buildPhase = F534264C2CA8CD050028F328 /* Resources */;
			membershipExceptions = (
				Base.lproj/LaunchScreen.storyboard,
				Base.lproj/Main.storyboard,
			);
		};
/* End PBXFileSystemSynchronizedGroupBuildPhaseMembershipExceptionSet section */

/* Begin PBXFileSystemSynchronizedRootGroup section */
		F53426502CA8CD050028F328 /* InstaHram */ = {
			isa = PBXFileSystemSynchronizedRootGroup;
			exceptions = (
				F53426762CA8CD070028F328 /* Exceptions for "InstaHram" folder in "InstaHram" target */,
				F534267A2CA8CD070028F328 /* Exceptions for "InstaHram" folder in "Copy Bundle Resources" phase from "InstaHram" target */,
			);
			path = InstaHram;
			sourceTree = "<group>";
		};
		F53426672CA8CD070028F328 /* InstaHramTests */ = {
			isa = PBXFileSystemSynchronizedRootGroup;
			path = InstaHramTests;
			sourceTree = "<group>";
		};
		F53426712CA8CD070028F328 /* InstaHramUITests */ = {
			isa = PBXFileSystemSynchronizedRootGroup;
			path = InstaHramUITests;
			sourceTree = "<group>";
		};
/* End PBXFileSystemSynchronizedRootGroup section */

/* Begin PBXFrameworksBuildPhase section */
		F534264B2CA8CD050028F328 /* Frameworks */ = {
			isa = PBXFrameworksBuildPhase;
			buildActionMask = 2147483647;
			files = (
			);
			runOnlyForDeploymentPostprocessing = 0;
		};
		F53426612CA8CD070028F328 /* Frameworks */ = {
			isa = PBXFrameworksBuildPhase;
			buildActionMask = 2147483647;
			files = (
			);
			runOnlyForDeploymentPostprocessing = 0;
		};
		F534266B2CA8CD070028F328 /* Frameworks */ = {
			isa = PBXFrameworksBuildPhase;
			buildActionMask = 2147483647;
			files = (
			);
			runOnlyForDeploymentPostprocessing = 0;
		};
/* End PBXFrameworksBuildPhase section */

/* Begin PBXGroup section */
		F53426452CA8CD050028F328 = {
			isa = PBXGroup;
			children = (
				F53426502CA8CD050028F328 /* InstaHram */,
				F53426672CA8CD070028F328 /* InstaHramTests */,
				F53426712CA8CD070028F328 /* InstaHramUITests */,
				F534264F2CA8CD050028F328 /* Products */,
			);
			sourceTree = "<group>";
		};
		F534264F2CA8CD050028F328 /* Products */ = {
			isa = PBXGroup;
			children = (
				F534264E2CA8CD050028F328 /* InstaHram.app */,
				F53426642CA8CD070028F328 /* InstaHramTests.xctest */,
				F534266E2CA8CD070028F328 /* InstaHramUITests.xctest */,
			);
			name = Products;
			sourceTree = "<group>";
		};
/* End PBXGroup section */

/* Begin PBXNativeTarget section */
		F534264D2CA8CD050028F328 /* InstaHram */ = {
			isa = PBXNativeTarget;
			buildConfigurationList = F53426772CA8CD070028F328 /* Build configuration list for PBXNativeTarget "InstaHram" */;
			buildPhases = (
				F534264A2CA8CD050028F328 /* Sources */,
				F534264B2CA8CD050028F328 /* Frameworks */,
				F534264C2CA8CD050028F328 /* Resources */,
			);
			buildRules = (
			);
			dependencies = (
			);
			fileSystemSynchronizedGroups = (
				F53426502CA8CD050028F328 /* InstaHram */,
			);
			name = InstaHram;
			packageProductDependencies = (
			);
			productName = InstaHram;
			productReference = F534264E2CA8CD050028F328 /* InstaHram.app */;
			productType = "com.apple.product-type.application";
		};
		F53426632CA8CD070028F328 /* InstaHramTests */ = {
			isa = PBXNativeTarget;
			buildConfigurationList = F534267D2CA8CD070028F328 /* Build configuration list for PBXNativeTarget "InstaHramTests" */;
			buildPhases = (
				F53426602CA8CD070028F328 /* Sources */,
				F53426612CA8CD070028F328 /* Frameworks */,
				F53426622CA8CD070028F328 /* Resources */,
			);
			buildRules = (
			);
			dependencies = (
				F53426662CA8CD070028F328 /* PBXTargetDependency */,
			);
			fileSystemSynchronizedGroups = (
				F53426672CA8CD070028F328 /* InstaHramTests */,
			);
			name = InstaHramTests;
			packageProductDependencies = (
			);
			productName = InstaHramTests;
			productReference = F53426642CA8CD070028F328 /* InstaHramTests.xctest */;
			productType = "com.apple.product-type.bundle.unit-test";
		};
		F534266D2CA8CD070028F328 /* InstaHramUITests */ = {
			isa = PBXNativeTarget;
			buildConfigurationList = F53426802CA8CD070028F328 /* Build configuration list for PBXNativeTarget "InstaHramUITests" */;
			buildPhases = (
				F534266A2CA8CD070028F328 /* Sources */,
				F534266B2CA8CD070028F328 /* Frameworks */,
				F534266C2CA8CD070028F328 /* Resources */,
			);
			buildRules = (
			);
			dependencies = (
				F53426702CA8CD070028F328 /* PBXTargetDependency */,
			);
			fileSystemSynchronizedGroups = (
				F53426712CA8CD070028F328 /* InstaHramUITests */,
			);
			name = InstaHramUITests;
			packageProductDependencies = (
			);
			productName = InstaHramUITests;
			productReference = F534266E2CA8CD070028F328 /* InstaHramUITests.xctest */;
			productType = "com.apple.product-type.bundle.ui-testing";
		};
/* End PBXNativeTarget section */

/* Begin PBXProject section */
		F53426462CA8CD050028F328 /* Project object */ = {
			isa = PBXProject;
			attributes = {
				BuildIndependentTargetsInParallel = 1;
				LastSwiftUpdateCheck = 1610;
				LastUpgradeCheck = 1610;
				TargetAttributes = {
					F534264D2CA8CD050028F328 = {
						CreatedOnToolsVersion = 16.1;
					};
					F53426632CA8CD070028F328 = {
						CreatedOnToolsVersion = 16.1;
						TestTargetID = F534264D2CA8CD050028F328;
					};
					F534266D2CA8CD070028F328 = {
						CreatedOnToolsVersion = 16.1;
						TestTargetID = F534264D2CA8CD050028F328;
					};
				};
			};
			buildConfigurationList = F53426492CA8CD050028F328 /* Build configuration list for PBXProject "InstaHram" */;
			developmentRegion = en;
			hasScannedForEncodings = 0;
			knownRegions = (
				en,
				Base,
			);
			mainGroup = F53426452CA8CD050028F328;
			minimizedProjectReferenceProxies = 1;
			preferredProjectObjectVersion = 77;
			productRefGroup = F534264F2CA8CD050028F328 /* Products */;
			projectDirPath = "";
			projectRoot = "";
			targets = (
				F534264D2CA8CD050028F328 /* InstaHram */,
				F53426632CA8CD070028F328 /* InstaHramTests */,
				F534266D2CA8CD070028F328 /* InstaHramUITests */,
			);
		};
/* End PBXProject section */

/* Begin PBXResourcesBuildPhase section */
		F534264C2CA8CD050028F328 /* Resources */ = {
			isa = PBXResourcesBuildPhase;
			buildActionMask = 2147483647;
			files = (
			);
			runOnlyForDeploymentPostprocessing = 0;
		};
		F53426622CA8CD070028F328 /* Resources */ = {
			isa = PBXResourcesBuildPhase;
			buildActionMask = 2147483647;
			files = (
			);
			runOnlyForDeploymentPostprocessing = 0;
		};
		F534266C2CA8CD070028F328 /* Resources */ = {
			isa = PBXResourcesBuildPhase;
			buildActionMask = 2147483647;
			files = (
			);
			runOnlyForDeploymentPostprocessing = 0;
		};
/* End PBXResourcesBuildPhase section */

/* Begin PBXSourcesBuildPhase section */
		F534264A2CA8CD050028F328 /* Sources */ = {
			isa = PBXSourcesBuildPhase;
			buildActionMask = 2147483647;
			files = (
			);
			runOnlyForDeploymentPostprocessing = 0;
		};
		F53426602CA8CD070028F328 /* Sources */ = {
			isa = PBXSourcesBuildPhase;
			buildActionMask = 2147483647;
			files = (
			);
			runOnlyForDeploymentPostprocessing = 0;
		};
		F534266A2CA8CD070028F328 /* Sources */ = {
			isa = PBXSourcesBuildPhase;
			buildActionMask = 2147483647;
			files = (
			);
			runOnlyForDeploymentPostprocessing = 0;
		};
/* End PBXSourcesBuildPhase section */

/* Begin PBXTargetDependency section */
		F53426662CA8CD070028F328 /* PBXTargetDependency */ = {
			isa = PBXTargetDependency;
			target = F534264D2CA8CD050028F328 /* InstaHram */;
			targetProxy = F53426652CA8CD070028F328 /* PBXContainerItemProxy */;
		};
		F53426702CA8CD070028F328 /* PBXTargetDependency */ = {
			isa = PBXTargetDependency;
			target = F534264D2CA8CD050028F328 /* InstaHram */;
			targetProxy = F534266F2CA8CD070028F328 /* PBXContainerItemProxy */;
		};
/* End PBXTargetDependency section */

/* Begin XCBuildConfiguration section */
		F53426782CA8CD070028F328 /* Debug */ = {
			isa = XCBuildConfiguration;
			buildSettings = {
				ASSETCATALOG_COMPILER_APPICON_NAME = AppIcon;
				ASSETCATALOG_COMPILER_GLOBAL_ACCENT_COLOR_NAME = AccentColor;
				CODE_SIGN_STYLE = Automatic;
				CURRENT_PROJECT_VERSION = 1;
				DEVELOPMENT_TEAM = X936W7QRV9;
				GENERATE_INFOPLIST_FILE = YES;
				INFOPLIST_FILE = InstaHram/Info.plist;
				INFOPLIST_KEY_UIApplicationSupportsIndirectInputEvents = YES;
				INFOPLIST_KEY_UILaunchStoryboardName = LaunchScreen;
				INFOPLIST_KEY_UIMainStoryboardFile = Main;
				INFOPLIST_KEY_UISupportedInterfaceOrientations_iPad = "UIInterfaceOrientationPortrait UIInterfaceOrientationPortraitUpsideDown UIInterfaceOrientationLandscapeLeft UIInterfaceOrientationLandscapeRight";
				INFOPLIST_KEY_UISupportedInterfaceOrientations_iPhone = "UIInterfaceOrientationPortrait UIInterfaceOrientationLandscapeLeft UIInterfaceOrientationLandscapeRight";
				LD_RUNPATH_SEARCH_PATHS = (
					"$(inherited)",
					"@executable_path/Frameworks",
				);
				MARKETING_VERSION = 1.0;
				PRODUCT_BUNDLE_IDENTIFIER = com.F0de.InstaHram;
				PRODUCT_NAME = "$(TARGET_NAME)";
				SWIFT_EMIT_LOC_STRINGS = YES;
				SWIFT_VERSION = 5.0;
				TARGETED_DEVICE_FAMILY = "1,2";
			};
			name = Debug;
		};
		F53426792CA8CD070028F328 /* Release */ = {
			isa = XCBuildConfiguration;
			buildSettings = {
				ASSETCATALOG_COMPILER_APPICON_NAME = AppIcon;
				ASSETCATALOG_COMPILER_GLOBAL_ACCENT_COLOR_NAME = AccentColor;
				CODE_SIGN_STYLE = Automatic;
				CURRENT_PROJECT_VERSION = 1;
				DEVELOPMENT_TEAM = X936W7QRV9;
				GENERATE_INFOPLIST_FILE = YES;
				INFOPLIST_FILE = InstaHram/Info.plist;
				INFOPLIST_KEY_UIApplicationSupportsIndirectInputEvents = YES;
				INFOPLIST_KEY_UILaunchStoryboardName = LaunchScreen;
				INFOPLIST_KEY_UIMainStoryboardFile = Main;
				INFOPLIST_KEY_UISupportedInterfaceOrientations_iPad = "UIInterfaceOrientationPortrait UIInterfaceOrientationPortraitUpsideDown UIInterfaceOrientationLandscapeLeft UIInterfaceOrientationLandscapeRight";
				INFOPLIST_KEY_UISupportedInterfaceOrientations_iPhone = "UIInterfaceOrientationPortrait UIInterfaceOrientationLandscapeLeft UIInterfaceOrientationLandscapeRight";
				LD_RUNPATH_SEARCH_PATHS = (
					"$(inherited)",
					"@executable_path/Frameworks",
				);
				MARKETING_VERSION = 1.0;
				PRODUCT_BUNDLE_IDENTIFIER = com.F0de.InstaHram;
				PRODUCT_NAME = "$(TARGET_NAME)";
				SWIFT_EMIT_LOC_STRINGS = YES;
				SWIFT_VERSION = 5.0;
				TARGETED_DEVICE_FAMILY = "1,2";
			};
			name = Release;
		};
		F534267B2CA8CD070028F328 /* Debug */ = {
			isa = XCBuildConfiguration;
			buildSettings = {
				ALWAYS_SEARCH_USER_PATHS = NO;
				ASSETCATALOG_COMPILER_GENERATE_SWIFT_ASSET_SYMBOL_EXTENSIONS = YES;
				CLANG_ANALYZER_NONNULL = YES;
				CLANG_ANALYZER_NUMBER_OBJECT_CONVERSION = YES_AGGRESSIVE;
				CLANG_CXX_LANGUAGE_STANDARD = "gnu++20";
				CLANG_ENABLE_MODULES = YES;
				CLANG_ENABLE_OBJC_ARC = YES;
				CLANG_ENABLE_OBJC_WEAK = YES;
				CLANG_WARN_BLOCK_CAPTURE_AUTORELEASING = YES;
				CLANG_WARN_BOOL_CONVERSION = YES;
				CLANG_WARN_COMMA = YES;
				CLANG_WARN_CONSTANT_CONVERSION = YES;
				CLANG_WARN_DEPRECATED_OBJC_IMPLEMENTATIONS = YES;
				CLANG_WARN_DIRECT_OBJC_ISA_USAGE = YES_ERROR;
				CLANG_WARN_DOCUMENTATION_COMMENTS = YES;
				CLANG_WARN_EMPTY_BODY = YES;
				CLANG_WARN_ENUM_CONVERSION = YES;
				CLANG_WARN_INFINITE_RECURSION = YES;
				CLANG_WARN_INT_CONVERSION = YES;
				CLANG_WARN_NON_LITERAL_NULL_CONVERSION = YES;
				CLANG_WARN_OBJC_IMPLICIT_RETAIN_SELF = YES;
				CLANG_WARN_OBJC_LITERAL_CONVERSION = YES;
				CLANG_WARN_OBJC_ROOT_CLASS = YES_ERROR;
				CLANG_WARN_QUOTED_INCLUDE_IN_FRAMEWORK_HEADER = YES;
				CLANG_WARN_RANGE_LOOP_ANALYSIS = YES;
				CLANG_WARN_STRICT_PROTOTYPES = YES;
				CLANG_WARN_SUSPICIOUS_MOVE = YES;
				CLANG_WARN_UNGUARDED_AVAILABILITY = YES_AGGRESSIVE;
				CLANG_WARN_UNREACHABLE_CODE = YES;
				CLANG_WARN__DUPLICATE_METHOD_MATCH = YES;
				COPY_PHASE_STRIP = NO;
				DEBUG_INFORMATION_FORMAT = dwarf;
				ENABLE_STRICT_OBJC_MSGSEND = YES;
				ENABLE_TESTABILITY = YES;
				ENABLE_USER_SCRIPT_SANDBOXING = YES;
				GCC_C_LANGUAGE_STANDARD = gnu17;
				GCC_DYNAMIC_NO_PIC = NO;
				GCC_NO_COMMON_BLOCKS = YES;
				GCC_OPTIMIZATION_LEVEL = 0;
				GCC_PREPROCESSOR_DEFINITIONS = (
					"DEBUG=1",
					"$(inherited)",
				);
				GCC_WARN_64_TO_32_BIT_CONVERSION = YES;
				GCC_WARN_ABOUT_RETURN_TYPE = YES_ERROR;
				GCC_WARN_UNDECLARED_SELECTOR = YES;
				GCC_WARN_UNINITIALIZED_AUTOS = YES_AGGRESSIVE;
				GCC_WARN_UNUSED_FUNCTION = YES;
				GCC_WARN_UNUSED_VARIABLE = YES;
				IPHONEOS_DEPLOYMENT_TARGET = 18.1;
				LOCALIZATION_PREFERS_STRING_CATALOGS = YES;
				MTL_ENABLE_DEBUG_INFO = INCLUDE_SOURCE;
				MTL_FAST_MATH = YES;
				ONLY_ACTIVE_ARCH = YES;
				SDKROOT = iphoneos;
				SWIFT_ACTIVE_COMPILATION_CONDITIONS = "DEBUG $(inherited)";
				SWIFT_OPTIMIZATION_LEVEL = "-Onone";
			};
			name = Debug;
		};
		F534267C2CA8CD070028F328 /* Release */ = {
			isa = XCBuildConfiguration;
			buildSettings = {
				ALWAYS_SEARCH_USER_PATHS = NO;
				ASSETCATALOG_COMPILER_GENERATE_SWIFT_ASSET_SYMBOL_EXTENSIONS = YES;
				CLANG_ANALYZER_NONNULL = YES;
				CLANG_ANALYZER_NUMBER_OBJECT_CONVERSION = YES_AGGRESSIVE;
				CLANG_CXX_LANGUAGE_STANDARD = "gnu++20";
				CLANG_ENABLE_MODULES = YES;
				CLANG_ENABLE_OBJC_ARC = YES;
				CLANG_ENABLE_OBJC_WEAK = YES;
				CLANG_WARN_BLOCK_CAPTURE_AUTORELEASING = YES;
				CLANG_WARN_BOOL_CONVERSION = YES;
				CLANG_WARN_COMMA = YES;
				CLANG_WARN_CONSTANT_CONVERSION = YES;
				CLANG_WARN_DEPRECATED_OBJC_IMPLEMENTATIONS = YES;
				CLANG_WARN_DIRECT_OBJC_ISA_USAGE = YES_ERROR;
				CLANG_WARN_DOCUMENTATION_COMMENTS = YES;
				CLANG_WARN_EMPTY_BODY = YES;
				CLANG_WARN_ENUM_CONVERSION = YES;
				CLANG_WARN_INFINITE_RECURSION = YES;
				CLANG_WARN_INT_CONVERSION = YES;
				CLANG_WARN_NON_LITERAL_NULL_CONVERSION = YES;
				CLANG_WARN_OBJC_IMPLICIT_RETAIN_SELF = YES;
				CLANG_WARN_OBJC_LITERAL_CONVERSION = YES;
				CLANG_WARN_OBJC_ROOT_CLASS = YES_ERROR;
				CLANG_WARN_QUOTED_INCLUDE_IN_FRAMEWORK_HEADER = YES;
				CLANG_WARN_RANGE_LOOP_ANALYSIS = YES;
				CLANG_WARN_STRICT_PROTOTYPES = YES;
				CLANG_WARN_SUSPICIOUS_MOVE = YES;
				CLANG_WARN_UNGUARDED_AVAILABILITY = YES_AGGRESSIVE;
				CLANG_WARN_UNREACHABLE_CODE = YES;
				CLANG_WARN__DUPLICATE_METHOD_MATCH = YES;
				COPY_PHASE_STRIP = NO;
				DEBUG_INFORMATION_FORMAT = "dwarf-with-dsym";
				ENABLE_NS_ASSERTIONS = NO;
				ENABLE_STRICT_OBJC_MSGSEND = YES;
				ENABLE_USER_SCRIPT_SANDBOXING = YES;
				GCC_C_LANGUAGE_STANDARD = gnu17;
				GCC_NO_COMMON_BLOCKS = YES;
				GCC_WARN_64_TO_32_BIT_CONVERSION = YES;
				GCC_WARN_ABOUT_RETURN_TYPE = YES_ERROR;
				GCC_WARN_UNDECLARED_SELECTOR = YES;
				GCC_WARN_UNINITIALIZED_AUTOS = YES_AGGRESSIVE;
				GCC_WARN_UNUSED_FUNCTION = YES;
				GCC_WARN_UNUSED_VARIABLE = YES;
				IPHONEOS_DEPLOYMENT_TARGET = 18.1;
				LOCALIZATION_PREFERS_STRING_CATALOGS = YES;
				MTL_ENABLE_DEBUG_INFO = NO;
				MTL_FAST_MATH = YES;
				SDKROOT = iphoneos;
				SWIFT_COMPILATION_MODE = wholemodule;
				VALIDATE_PRODUCT = YES;
			};
			name = Release;
		};
		F534267E2CA8CD070028F328 /* Debug */ = {
			isa = XCBuildConfiguration;
			buildSettings = {
				BUNDLE_LOADER = "$(TEST_HOST)";
				CODE_SIGN_STYLE = Automatic;
				CURRENT_PROJECT_VERSION = 1;
				DEVELOPMENT_TEAM = X936W7QRV9;
				GENERATE_INFOPLIST_FILE = YES;
				IPHONEOS_DEPLOYMENT_TARGET = 18.1;
				MARKETING_VERSION = 1.0;
				PRODUCT_BUNDLE_IDENTIFIER = com.F0de.InstaHramTests;
				PRODUCT_NAME = "$(TARGET_NAME)";
				SWIFT_EMIT_LOC_STRINGS = NO;
				SWIFT_VERSION = 5.0;
				TARGETED_DEVICE_FAMILY = "1,2";
				TEST_HOST = "$(BUILT_PRODUCTS_DIR)/InstaHram.app/$(BUNDLE_EXECUTABLE_FOLDER_PATH)/InstaHram";
			};
			name = Debug;
		};
		F534267F2CA8CD070028F328 /* Release */ = {
			isa = XCBuildConfiguration;
			buildSettings = {
				BUNDLE_LOADER = "$(TEST_HOST)";
				CODE_SIGN_STYLE = Automatic;
				CURRENT_PROJECT_VERSION = 1;
				DEVELOPMENT_TEAM = X936W7QRV9;
				GENERATE_INFOPLIST_FILE = YES;
				IPHONEOS_DEPLOYMENT_TARGET = 18.1;
				MARKETING_VERSION = 1.0;
				PRODUCT_BUNDLE_IDENTIFIER = com.F0de.InstaHramTests;
				PRODUCT_NAME = "$(TARGET_NAME)";
				SWIFT_EMIT_LOC_STRINGS = NO;
				SWIFT_VERSION = 5.0;
				TARGETED_DEVICE_FAMILY = "1,2";
				TEST_HOST = "$(BUILT_PRODUCTS_DIR)/InstaHram.app/$(BUNDLE_EXECUTABLE_FOLDER_PATH)/InstaHram";
			};
			name = Release;
		};
		F53426812CA8CD070028F328 /* Debug */ = {
			isa = XCBuildConfiguration;
			buildSettings = {
				CODE_SIGN_STYLE = Automatic;
				CURRENT_PROJECT_VERSION = 1;
				DEVELOPMENT_TEAM = X936W7QRV9;
				GENERATE_INFOPLIST_FILE = YES;
				MARKETING_VERSION = 1.0;
				PRODUCT_BUNDLE_IDENTIFIER = com.F0de.InstaHramUITests;
				PRODUCT_NAME = "$(TARGET_NAME)";
				SWIFT_EMIT_LOC_STRINGS = NO;
				SWIFT_VERSION = 5.0;
				TARGETED_DEVICE_FAMILY = "1,2";
				TEST_TARGET_NAME = InstaHram;
			};
			name = Debug;
		};
		F53426822CA8CD070028F328 /* Release */ = {
			isa = XCBuildConfiguration;
			buildSettings = {
				CODE_SIGN_STYLE = Automatic;
				CURRENT_PROJECT_VERSION = 1;
				DEVELOPMENT_TEAM = X936W7QRV9;
				GENERATE_INFOPLIST_FILE = YES;
				MARKETING_VERSION = 1.0;
				PRODUCT_BUNDLE_IDENTIFIER = com.F0de.InstaHramUITests;
				PRODUCT_NAME = "$(TARGET_NAME)";
				SWIFT_EMIT_LOC_STRINGS = NO;
				SWIFT_VERSION = 5.0;
				TARGETED_DEVICE_FAMILY = "1,2";
				TEST_TARGET_NAME = InstaHram;
			};
			name = Release;
		};
/* End XCBuildConfiguration section */

/* Begin XCConfigurationList section */
		F53426492CA8CD050028F328 /* Build configuration list for PBXProject "InstaHram" */ = {
			isa = XCConfigurationList;
			buildConfigurations = (
				F534267B2CA8CD070028F328 /* Debug */,
				F534267C2CA8CD070028F328 /* Release */,
			);
			defaultConfigurationIsVisible = 0;
			defaultConfigurationName = Release;
		};
		F53426772CA8CD070028F328 /* Build configuration list for PBXNativeTarget "InstaHram" */ = {
			isa = XCConfigurationList;
			buildConfigurations = (
				F53426782CA8CD070028F328 /* Debug */,
				F53426792CA8CD070028F328 /* Release */,
			);
			defaultConfigurationIsVisible = 0;
			defaultConfigurationName = Release;
		};
		F534267D2CA8CD070028F328 /* Build configuration list for PBXNativeTarget "InstaHramTests" */ = {
			isa = XCConfigurationList;
			buildConfigurations = (
				F534267E2CA8CD070028F328 /* Debug */,
				F534267F2CA8CD070028F328 /* Release */,
			);
			defaultConfigurationIsVisible = 0;
			defaultConfigurationName = Release;
		};
		F53426802CA8CD070028F328 /* Build configuration list for PBXNativeTarget "InstaHramUITests" */ = {
			isa = XCConfigurationList;
			buildConfigurations = (
				F53426812CA8CD070028F328 /* Debug */,
				F53426822CA8CD070028F328 /* Release */,
			);
			defaultConfigurationIsVisible = 0;
			defaultConfigurationName = Release;
		};
/* End XCConfigurationList section */
	};
	rootObject = F53426462CA8CD050028F328 /* Project object */;
}
